
Microsoft Visual Studio Solution File, Format Version 12.00
# Visual Studio Version 16
VisualStudioVersion = 16.0.30711.63
MinimumVisualStudioVersion = 10.0.40219.1
Project("{9A19103F-16F7-4668-BE54-9A1E7A4F7556}") = "TestIntegration.App", "ChampionX.App\TestIntegration.App.csproj", "{E0C80999-051A-4CFB-9B05-6C388BA80DCE}"
EndProject
Project("{9A19103F-16F7-4668-BE54-9A1E7A4F7556}") = "TestIntegration.Tests", "ChampionX.Tests\TestIntegration.Tests.csproj", "{0D72EA54-4CC1-45CF-B9D9-3F0856F7FAB0}"
EndProject
Global
	GlobalSection(SolutionConfigurationPlatforms) = preSolution
		Debug|Any CPU = Debug|Any CPU
		Release|Any CPU = Release|Any CPU
	EndGlobalSection
	GlobalSection(ProjectConfigurationPlatforms) = postSolution
		{E0C80999-051A-4CFB-9B05-6C388BA80DCE}.Debug|Any CPU.ActiveCfg = Debug|Any CPU
		{E0C80999-051A-4CFB-9B05-6C388BA80DCE}.Debug|Any CPU.Build.0 = Debug|Any CPU
		{E0C80999-051A-4CFB-9B05-6C388BA80DCE}.Release|Any CPU.ActiveCfg = Release|Any CPU
		{E0C80999-051A-4CFB-9B05-6C388BA80DCE}.Release|Any CPU.Build.0 = Release|Any CPU
		{0D72EA54-4CC1-45CF-B9D9-3F0856F7FAB0}.Debug|Any CPU.ActiveCfg = Debug|Any CPU
		{0D72EA54-4CC1-45CF-B9D9-3F0856F7FAB0}.Debug|Any CPU.Build.0 = Debug|Any CPU
		{0D72EA54-4CC1-45CF-B9D9-3F0856F7FAB0}.Release|Any CPU.ActiveCfg = Release|Any CPU
		{0D72EA54-4CC1-45CF-B9D9-3F0856F7FAB0}.Release|Any CPU.Build.0 = Release|Any CPU
	EndGlobalSection
	GlobalSection(SolutionProperties) = preSolution
		HideSolutionNode = FALSE
	EndGlobalSection
	GlobalSection(ExtensibilityGlobals) = postSolution
		SolutionGuid = {860236AB-096D-4752-9BCB-EF8ABB634581}
	EndGlobalSection
EndGlobal
